// !$*UTF8*$!
{
	archiveVersion = 1;
	classes = {
	};
	objectVersion = 56;
	objects = {

/* Begin PBXBuildFile section */
		22AEC3CEE65CD24746FCB284 /* Pods_Messenger.framework in Frameworks */ = {isa = PBXBuildFile; fileRef = 4EAE43E1260F62910E31DA86 /* Pods_Messenger.framework */; };
		489924E32958073C00B26096 /* GoogleService-Info.plist in Resources */ = {isa = PBXBuildFile; fileRef = 489924E22958073C00B26096 /* GoogleService-Info.plist */; };
		48DB04BE295554A500DEA352 /* AppDelegate.swift in Sources */ = {isa = PBXBuildFile; fileRef = 48DB04BD295554A500DEA352 /* AppDelegate.swift */; };
		48DB04C0295554A500DEA352 /* SceneDelegate.swift in Sources */ = {isa = PBXBuildFile; fileRef = 48DB04BF295554A500DEA352 /* SceneDelegate.swift */; };
		48DB04C2295554A500DEA352 /* ConversationsViewController.swift in Sources */ = {isa = PBXBuildFile; fileRef = 48DB04C1295554A500DEA352 /* ConversationsViewController.swift */; };
		48DB04C5295554A500DEA352 /* Main.storyboard in Resources */ = {isa = PBXBuildFile; fileRef = 48DB04C3295554A500DEA352 /* Main.storyboard */; };
		48DB04C7295554A600DEA352 /* Assets.xcassets in Resources */ = {isa = PBXBuildFile; fileRef = 48DB04C6295554A600DEA352 /* Assets.xcassets */; };
		48DB04CA295554A600DEA352 /* LaunchScreen.storyboard in Resources */ = {isa = PBXBuildFile; fileRef = 48DB04C8295554A600DEA352 /* LaunchScreen.storyboard */; };
		48DB04D82955584D00DEA352 /* LoginViewController.swift in Sources */ = {isa = PBXBuildFile; fileRef = 48DB04D72955584D00DEA352 /* LoginViewController.swift */; };
		48DB04DA2955585D00DEA352 /* RegisterViewController.swift in Sources */ = {isa = PBXBuildFile; fileRef = 48DB04D92955585D00DEA352 /* RegisterViewController.swift */; };
		48DB04DC2955587C00DEA352 /* PhotoViewerViewController.swift in Sources */ = {isa = PBXBuildFile; fileRef = 48DB04DB2955587C00DEA352 /* PhotoViewerViewController.swift */; };
		48DB04DE2955588700DEA352 /* VideoPlayerViewController.swift in Sources */ = {isa = PBXBuildFile; fileRef = 48DB04DD2955588700DEA352 /* VideoPlayerViewController.swift */; };
		48DB04E0295558A900DEA352 /* NewConverstionViewController.swift in Sources */ = {isa = PBXBuildFile; fileRef = 48DB04DF295558A900DEA352 /* NewConverstionViewController.swift */; };
		48DB04E2295558B400DEA352 /* ProfileViewController.swift in Sources */ = {isa = PBXBuildFile; fileRef = 48DB04E1295558B400DEA352 /* ProfileViewController.swift */; };
		48DB04E52955638400DEA352 /* Extensions.swift in Sources */ = {isa = PBXBuildFile; fileRef = 48DB04E42955638400DEA352 /* Extensions.swift */; };
/* End PBXBuildFile section */

/* Begin PBXFileReference section */
		270D6A71F779B81701D5F1C2 /* Pods-Messenger.release.xcconfig */ = {isa = PBXFileReference; includeInIndex = 1; lastKnownFileType = text.xcconfig; name = "Pods-Messenger.release.xcconfig"; path = "Target Support Files/Pods-Messenger/Pods-Messenger.release.xcconfig"; sourceTree = "<group>"; };
		489924E22958073C00B26096 /* GoogleService-Info.plist */ = {isa = PBXFileReference; fileEncoding = 4; lastKnownFileType = text.plist.xml; path = "GoogleService-Info.plist"; sourceTree = "<group>"; };
		48DB04BA295554A500DEA352 /* Messenger.app */ = {isa = PBXFileReference; explicitFileType = wrapper.application; includeInIndex = 0; path = Messenger.app; sourceTree = BUILT_PRODUCTS_DIR; };
		48DB04BD295554A500DEA352 /* AppDelegate.swift */ = {isa = PBXFileReference; lastKnownFileType = sourcecode.swift; path = AppDelegate.swift; sourceTree = "<group>"; };
		48DB04BF295554A500DEA352 /* SceneDelegate.swift */ = {isa = PBXFileReference; lastKnownFileType = sourcecode.swift; path = SceneDelegate.swift; sourceTree = "<group>"; };
		48DB04C1295554A500DEA352 /* ConversationsViewController.swift */ = {isa = PBXFileReference; lastKnownFileType = sourcecode.swift; path = ConversationsViewController.swift; sourceTree = "<group>"; };
		48DB04C4295554A500DEA352 /* Base */ = {isa = PBXFileReference; lastKnownFileType = file.storyboard; name = Base; path = Base.lproj/Main.storyboard; sourceTree = "<group>"; };
		48DB04C6295554A600DEA352 /* Assets.xcassets */ = {isa = PBXFileReference; lastKnownFileType = folder.assetcatalog; path = Assets.xcassets; sourceTree = "<group>"; };
		48DB04C9295554A600DEA352 /* Base */ = {isa = PBXFileReference; lastKnownFileType = file.storyboard; name = Base; path = Base.lproj/LaunchScreen.storyboard; sourceTree = "<group>"; };
		48DB04CB295554A600DEA352 /* Info.plist */ = {isa = PBXFileReference; lastKnownFileType = text.plist.xml; path = Info.plist; sourceTree = "<group>"; };
		48DB04D72955584D00DEA352 /* LoginViewController.swift */ = {isa = PBXFileReference; lastKnownFileType = sourcecode.swift; path = LoginViewController.swift; sourceTree = "<group>"; };
		48DB04D92955585D00DEA352 /* RegisterViewController.swift */ = {isa = PBXFileReference; lastKnownFileType = sourcecode.swift; path = RegisterViewController.swift; sourceTree = "<group>"; };
		48DB04DB2955587C00DEA352 /* PhotoViewerViewController.swift */ = {isa = PBXFileReference; lastKnownFileType = sourcecode.swift; path = PhotoViewerViewController.swift; sourceTree = "<group>"; };
		48DB04DD2955588700DEA352 /* VideoPlayerViewController.swift */ = {isa = PBXFileReference; lastKnownFileType = sourcecode.swift; path = VideoPlayerViewController.swift; sourceTree = "<group>"; };
		48DB04DF295558A900DEA352 /* NewConverstionViewController.swift */ = {isa = PBXFileReference; lastKnownFileType = sourcecode.swift; path = NewConverstionViewController.swift; sourceTree = "<group>"; };
		48DB04E1295558B400DEA352 /* ProfileViewController.swift */ = {isa = PBXFileReference; lastKnownFileType = sourcecode.swift; path = ProfileViewController.swift; sourceTree = "<group>"; };
		48DB04E42955638400DEA352 /* Extensions.swift */ = {isa = PBXFileReference; lastKnownFileType = sourcecode.swift; path = Extensions.swift; sourceTree = "<group>"; };
		4EAE43E1260F62910E31DA86 /* Pods_Messenger.framework */ = {isa = PBXFileReference; explicitFileType = wrapper.framework; includeInIndex = 0; path = Pods_Messenger.framework; sourceTree = BUILT_PRODUCTS_DIR; };
		837B03329759F41B47282C4C /* Pods-Messenger.debug.xcconfig */ = {isa = PBXFileReference; includeInIndex = 1; lastKnownFileType = text.xcconfig; name = "Pods-Messenger.debug.xcconfig"; path = "Target Support Files/Pods-Messenger/Pods-Messenger.debug.xcconfig"; sourceTree = "<group>"; };
/* End PBXFileReference section */

/* Begin PBXFrameworksBuildPhase section */
		48DB04B7295554A500DEA352 /* Frameworks */ = {
			isa = PBXFrameworksBuildPhase;
			buildActionMask = 2147483647;
			files = (
				22AEC3CEE65CD24746FCB284 /* Pods_Messenger.framework in Frameworks */,
			);
			runOnlyForDeploymentPostprocessing = 0;
		};
/* End PBXFrameworksBuildPhase section */

/* Begin PBXGroup section */
		1901B656626FD21024C18241 /* Frameworks */ = {
			isa = PBXGroup;
			children = (
				4EAE43E1260F62910E31DA86 /* Pods_Messenger.framework */,
			);
			name = Frameworks;
			sourceTree = "<group>";
		};
		48DB04B1295554A500DEA352 = {
			isa = PBXGroup;
			children = (
				48DB04BC295554A500DEA352 /* Messenger */,
				48DB04BB295554A500DEA352 /* Products */,
				B8113D277FBB3C95C9B96D88 /* Pods */,
				1901B656626FD21024C18241 /* Frameworks */,
			);
			sourceTree = "<group>";
		};
		48DB04BB295554A500DEA352 /* Products */ = {
			isa = PBXGroup;
			children = (
				48DB04BA295554A500DEA352 /* Messenger.app */,
			);
			name = Products;
			sourceTree = "<group>";
		};
		48DB04BC295554A500DEA352 /* Messenger */ = {
			isa = PBXGroup;
			children = (
				489924E22958073C00B26096 /* GoogleService-Info.plist */,
				48DB04D52955571600DEA352 /* Resources */,
				48DB04D42955570B00DEA352 /* ViewModels */,
				48DB04D3295556FC00DEA352 /* Models */,
				48DB04D2295556F400DEA352 /* Views */,
				48DB04D1295556EA00DEA352 /* Controller */,
				48DB04CB295554A600DEA352 /* Info.plist */,
			);
			path = Messenger;
			sourceTree = "<group>";
		};
		48DB04D1295556EA00DEA352 /* Controller */ = {
			isa = PBXGroup;
			children = (
				48DB04C1295554A500DEA352 /* ConversationsViewController.swift */,
				48DB04E329555AC400DEA352 /* Login */,
				48DB04DB2955587C00DEA352 /* PhotoViewerViewController.swift */,
				48DB04DD2955588700DEA352 /* VideoPlayerViewController.swift */,
				48DB04DF295558A900DEA352 /* NewConverstionViewController.swift */,
				48DB04E1295558B400DEA352 /* ProfileViewController.swift */,
			);
			path = Controller;
			sourceTree = "<group>";
		};
		48DB04D2295556F400DEA352 /* Views */ = {
			isa = PBXGroup;
			children = (
				48DB04D62955574700DEA352 /* Storyboards */,
				48DB04C6295554A600DEA352 /* Assets.xcassets */,
				48DB04C8295554A600DEA352 /* LaunchScreen.storyboard */,
			);
			path = Views;
			sourceTree = "<group>";
		};
		48DB04D3295556FC00DEA352 /* Models */ = {
			isa = PBXGroup;
			children = (
			);
			path = Models;
			sourceTree = "<group>";
		};
		48DB04D42955570B00DEA352 /* ViewModels */ = {
			isa = PBXGroup;
			children = (
			);
			path = ViewModels;
			sourceTree = "<group>";
		};
		48DB04D52955571600DEA352 /* Resources */ = {
			isa = PBXGroup;
			children = (
				48DB04BD295554A500DEA352 /* AppDelegate.swift */,
				48DB04BF295554A500DEA352 /* SceneDelegate.swift */,
				48DB04E42955638400DEA352 /* Extensions.swift */,
			);
			path = Resources;
			sourceTree = "<group>";
		};
		48DB04D62955574700DEA352 /* Storyboards */ = {
			isa = PBXGroup;
			children = (
				48DB04C3295554A500DEA352 /* Main.storyboard */,
			);
			path = Storyboards;
			sourceTree = "<group>";
		};
		48DB04E329555AC400DEA352 /* Login */ = {
			isa = PBXGroup;
			children = (
				48DB04D72955584D00DEA352 /* LoginViewController.swift */,
				48DB04D92955585D00DEA352 /* RegisterViewController.swift */,
			);
			path = Login;
			sourceTree = "<group>";
		};
		B8113D277FBB3C95C9B96D88 /* Pods */ = {
			isa = PBXGroup;
			children = (
				837B03329759F41B47282C4C /* Pods-Messenger.debug.xcconfig */,
				270D6A71F779B81701D5F1C2 /* Pods-Messenger.release.xcconfig */,
			);
			path = Pods;
			sourceTree = "<group>";
		};
/* End PBXGroup section */

/* Begin PBXNativeTarget section */
		48DB04B9295554A500DEA352 /* Messenger */ = {
			isa = PBXNativeTarget;
			buildConfigurationList = 48DB04CE295554A600DEA352 /* Build configuration list for PBXNativeTarget "Messenger" */;
			buildPhases = (
				BAE321E64B795DD528825BAB /* [CP] Check Pods Manifest.lock */,
				48DB04B6295554A500DEA352 /* Sources */,
				48DB04B7295554A500DEA352 /* Frameworks */,
				48DB04B8295554A500DEA352 /* Resources */,
				DB5F680B526CF997A87ABC55 /* [CP] Embed Pods Frameworks */,
			);
			buildRules = (
			);
			dependencies = (
			);
			name = Messenger;
			productName = Messenger;
			productReference = 48DB04BA295554A500DEA352 /* Messenger.app */;
			productType = "com.apple.product-type.application";
		};
/* End PBXNativeTarget section */

/* Begin PBXProject section */
		48DB04B2295554A500DEA352 /* Project object */ = {
			isa = PBXProject;
			attributes = {
				BuildIndependentTargetsInParallel = 1;
				LastSwiftUpdateCheck = 1420;
				LastUpgradeCheck = 1420;
				TargetAttributes = {
					48DB04B9295554A500DEA352 = {
						CreatedOnToolsVersion = 14.2;
					};
				};
			};
			buildConfigurationList = 48DB04B5295554A500DEA352 /* Build configuration list for PBXProject "Messenger" */;
			compatibilityVersion = "Xcode 14.0";
			developmentRegion = en;
			hasScannedForEncodings = 0;
			knownRegions = (
				en,
				Base,
			);
			mainGroup = 48DB04B1295554A500DEA352;
			productRefGroup = 48DB04BB295554A500DEA352 /* Products */;
			projectDirPath = "";
			projectRoot = "";
			targets = (
				48DB04B9295554A500DEA352 /* Messenger */,
			);
		};
/* End PBXProject section */

/* Begin PBXResourcesBuildPhase section */
		48DB04B8295554A500DEA352 /* Resources */ = {
			isa = PBXResourcesBuildPhase;
			buildActionMask = 2147483647;
			files = (
				48DB04CA295554A600DEA352 /* LaunchScreen.storyboard in Resources */,
				489924E32958073C00B26096 /* GoogleService-Info.plist in Resources */,
				48DB04C7295554A600DEA352 /* Assets.xcassets in Resources */,
				48DB04C5295554A500DEA352 /* Main.storyboard in Resources */,
			);
			runOnlyForDeploymentPostprocessing = 0;
		};
/* End PBXResourcesBuildPhase section */

/* Begin PBXShellScriptBuildPhase section */
		BAE321E64B795DD528825BAB /* [CP] Check Pods Manifest.lock */ = {
			isa = PBXShellScriptBuildPhase;
			buildActionMask = 2147483647;
			files = (
			);
			inputFileListPaths = (
			);
			inputPaths = (
				"${PODS_PODFILE_DIR_PATH}/Podfile.lock",
				"${PODS_ROOT}/Manifest.lock",
			);
			name = "[CP] Check Pods Manifest.lock";
			outputFileListPaths = (
			);
			outputPaths = (
				"$(DERIVED_FILE_DIR)/Pods-Messenger-checkManifestLockResult.txt",
			);
			runOnlyForDeploymentPostprocessing = 0;
			shellPath = /bin/sh;
			shellScript = "diff \"${PODS_PODFILE_DIR_PATH}/Podfile.lock\" \"${PODS_ROOT}/Manifest.lock\" > /dev/null\nif [ $? != 0 ] ; then\n    # print error to STDERR\n    echo \"error: The sandbox is not in sync with the Podfile.lock. Run 'pod install' or update your CocoaPods installation.\" >&2\n    exit 1\nfi\n# This output is used by Xcode 'outputs' to avoid re-running this script phase.\necho \"SUCCESS\" > \"${SCRIPT_OUTPUT_FILE_0}\"\n";
			showEnvVarsInLog = 0;
		};
		DB5F680B526CF997A87ABC55 /* [CP] Embed Pods Frameworks */ = {
			isa = PBXShellScriptBuildPhase;
			buildActionMask = 2147483647;
			files = (
			);
			inputFileListPaths = (
				"${PODS_ROOT}/Target Support Files/Pods-Messenger/Pods-Messenger-frameworks-${CONFIGURATION}-input-files.xcfilelist",
			);
			name = "[CP] Embed Pods Frameworks";
			outputFileListPaths = (
				"${PODS_ROOT}/Target Support Files/Pods-Messenger/Pods-Messenger-frameworks-${CONFIGURATION}-output-files.xcfilelist",
			);
			runOnlyForDeploymentPostprocessing = 0;
			shellPath = /bin/sh;
			shellScript = "\"${PODS_ROOT}/Target Support Files/Pods-Messenger/Pods-Messenger-frameworks.sh\"\n";
			showEnvVarsInLog = 0;
		};
/* End PBXShellScriptBuildPhase section */

/* Begin PBXSourcesBuildPhase section */
		48DB04B6295554A500DEA352 /* Sources */ = {
			isa = PBXSourcesBuildPhase;
			buildActionMask = 2147483647;
			files = (
				48DB04E0295558A900DEA352 /* NewConverstionViewController.swift in Sources */,
				48DB04D82955584D00DEA352 /* LoginViewController.swift in Sources */,
				48DB04DA2955585D00DEA352 /* RegisterViewController.swift in Sources */,
				48DB04C2295554A500DEA352 /* ConversationsViewController.swift in Sources */,
				48DB04DE2955588700DEA352 /* VideoPlayerViewController.swift in Sources */,
				48DB04E52955638400DEA352 /* Extensions.swift in Sources */,
				48DB04BE295554A500DEA352 /* AppDelegate.swift in Sources */,
				48DB04E2295558B400DEA352 /* ProfileViewController.swift in Sources */,
				48DB04C0295554A500DEA352 /* SceneDelegate.swift in Sources */,
				48DB04DC2955587C00DEA352 /* PhotoViewerViewController.swift in Sources */,
			);
			runOnlyForDeploymentPostprocessing = 0;
		};
/* End PBXSourcesBuildPhase section */

/* Begin PBXVariantGroup section */
		48DB04C3295554A500DEA352 /* Main.storyboard */ = {
			isa = PBXVariantGroup;
			children = (
				48DB04C4295554A500DEA352 /* Base */,
			);
			name = Main.storyboard;
			sourceTree = "<group>";
		};
		48DB04C8295554A600DEA352 /* LaunchScreen.storyboard */ = {
			isa = PBXVariantGroup;
			children = (
				48DB04C9295554A600DEA352 /* Base */,
			);
			name = LaunchScreen.storyboard;
			sourceTree = "<group>";
		};
/* End PBXVariantGroup section */

/* Begin XCBuildConfiguration section */
		48DB04CC295554A600DEA352 /* Debug */ = {
			isa = XCBuildConfiguration;
			buildSettings = {
				ALWAYS_SEARCH_USER_PATHS = NO;
				CLANG_ANALYZER_NONNULL = YES;
				CLANG_ANALYZER_NUMBER_OBJECT_CONVERSION = YES_AGGRESSIVE;
				CLANG_CXX_LANGUAGE_STANDARD = "gnu++20";
				CLANG_ENABLE_MODULES = YES;
				CLANG_ENABLE_OBJC_ARC = YES;
				CLANG_ENABLE_OBJC_WEAK = YES;
				CLANG_WARN_BLOCK_CAPTURE_AUTORELEASING = YES;
				CLANG_WARN_BOOL_CONVERSION = YES;
				CLANG_WARN_COMMA = YES;
				CLANG_WARN_CONSTANT_CONVERSION = YES;
				CLANG_WARN_DEPRECATED_OBJC_IMPLEMENTATIONS = YES;
				CLANG_WARN_DIRECT_OBJC_ISA_USAGE = YES_ERROR;
				CLANG_WARN_DOCUMENTATION_COMMENTS = YES;
				CLANG_WARN_EMPTY_BODY = YES;
				CLANG_WARN_ENUM_CONVERSION = YES;
				CLANG_WARN_INFINITE_RECURSION = YES;
				CLANG_WARN_INT_CONVERSION = YES;
				CLANG_WARN_NON_LITERAL_NULL_CONVERSION = YES;
				CLANG_WARN_OBJC_IMPLICIT_RETAIN_SELF = YES;
				CLANG_WARN_OBJC_LITERAL_CONVERSION = YES;
				CLANG_WARN_OBJC_ROOT_CLASS = YES_ERROR;
				CLANG_WARN_QUOTED_INCLUDE_IN_FRAMEWORK_HEADER = YES;
				CLANG_WARN_RANGE_LOOP_ANALYSIS = YES;
				CLANG_WARN_STRICT_PROTOTYPES = YES;
				CLANG_WARN_SUSPICIOUS_MOVE = YES;
				CLANG_WARN_UNGUARDED_AVAILABILITY = YES_AGGRESSIVE;
				CLANG_WARN_UNREACHABLE_CODE = YES;
				CLANG_WARN__DUPLICATE_METHOD_MATCH = YES;
				COPY_PHASE_STRIP = NO;
				DEBUG_INFORMATION_FORMAT = dwarf;
				ENABLE_STRICT_OBJC_MSGSEND = YES;
				ENABLE_TESTABILITY = YES;
				GCC_C_LANGUAGE_STANDARD = gnu11;
				GCC_DYNAMIC_NO_PIC = NO;
				GCC_NO_COMMON_BLOCKS = YES;
				GCC_OPTIMIZATION_LEVEL = 0;
				GCC_PREPROCESSOR_DEFINITIONS = (
					"DEBUG=1",
					"$(inherited)",
				);
				GCC_WARN_64_TO_32_BIT_CONVERSION = YES;
				GCC_WARN_ABOUT_RETURN_TYPE = YES_ERROR;
				GCC_WARN_UNDECLARED_SELECTOR = YES;
				GCC_WARN_UNINITIALIZED_AUTOS = YES_AGGRESSIVE;
				GCC_WARN_UNUSED_FUNCTION = YES;
				GCC_WARN_UNUSED_VARIABLE = YES;
				IPHONEOS_DEPLOYMENT_TARGET = 16.2;
				MTL_ENABLE_DEBUG_INFO = INCLUDE_SOURCE;
				MTL_FAST_MATH = YES;
				ONLY_ACTIVE_ARCH = YES;
				SDKROOT = iphoneos;
				SWIFT_ACTIVE_COMPILATION_CONDITIONS = DEBUG;
				SWIFT_OPTIMIZATION_LEVEL = "-Onone";
			};
			name = Debug;
		};
		48DB04CD295554A600DEA352 /* Release */ = {
			isa = XCBuildConfiguration;
			buildSettings = {
				ALWAYS_SEARCH_USER_PATHS = NO;
				CLANG_ANALYZER_NONNULL = YES;
				CLANG_ANALYZER_NUMBER_OBJECT_CONVERSION = YES_AGGRESSIVE;
				CLANG_CXX_LANGUAGE_STANDARD = "gnu++20";
				CLANG_ENABLE_MODULES = YES;
				CLANG_ENABLE_OBJC_ARC = YES;
				CLANG_ENABLE_OBJC_WEAK = YES;
				CLANG_WARN_BLOCK_CAPTURE_AUTORELEASING = YES;
				CLANG_WARN_BOOL_CONVERSION = YES;
				CLANG_WARN_COMMA = YES;
				CLANG_WARN_CONSTANT_CONVERSION = YES;
				CLANG_WARN_DEPRECATED_OBJC_IMPLEMENTATIONS = YES;
				CLANG_WARN_DIRECT_OBJC_ISA_USAGE = YES_ERROR;
				CLANG_WARN_DOCUMENTATION_COMMENTS = YES;
				CLANG_WARN_EMPTY_BODY = YES;
				CLANG_WARN_ENUM_CONVERSION = YES;
				CLANG_WARN_INFINITE_RECURSION = YES;
				CLANG_WARN_INT_CONVERSION = YES;
				CLANG_WARN_NON_LITERAL_NULL_CONVERSION = YES;
				CLANG_WARN_OBJC_IMPLICIT_RETAIN_SELF = YES;
				CLANG_WARN_OBJC_LITERAL_CONVERSION = YES;
				CLANG_WARN_OBJC_ROOT_CLASS = YES_ERROR;
				CLANG_WARN_QUOTED_INCLUDE_IN_FRAMEWORK_HEADER = YES;
				CLANG_WARN_RANGE_LOOP_ANALYSIS = YES;
				CLANG_WARN_STRICT_PROTOTYPES = YES;
				CLANG_WARN_SUSPICIOUS_MOVE = YES;
				CLANG_WARN_UNGUARDED_AVAILABILITY = YES_AGGRESSIVE;
				CLANG_WARN_UNREACHABLE_CODE = YES;
				CLANG_WARN__DUPLICATE_METHOD_MATCH = YES;
				COPY_PHASE_STRIP = NO;
				DEBUG_INFORMATION_FORMAT = "dwarf-with-dsym";
				ENABLE_NS_ASSERTIONS = NO;
				ENABLE_STRICT_OBJC_MSGSEND = YES;
				GCC_C_LANGUAGE_STANDARD = gnu11;
				GCC_NO_COMMON_BLOCKS = YES;
				GCC_WARN_64_TO_32_BIT_CONVERSION = YES;
				GCC_WARN_ABOUT_RETURN_TYPE = YES_ERROR;
				GCC_WARN_UNDECLARED_SELECTOR = YES;
				GCC_WARN_UNINITIALIZED_AUTOS = YES_AGGRESSIVE;
				GCC_WARN_UNUSED_FUNCTION = YES;
				GCC_WARN_UNUSED_VARIABLE = YES;
				IPHONEOS_DEPLOYMENT_TARGET = 16.2;
				MTL_ENABLE_DEBUG_INFO = NO;
				MTL_FAST_MATH = YES;
				SDKROOT = iphoneos;
				SWIFT_COMPILATION_MODE = wholemodule;
				SWIFT_OPTIMIZATION_LEVEL = "-O";
				VALIDATE_PRODUCT = YES;
			};
			name = Release;
		};
		48DB04CF295554A600DEA352 /* Debug */ = {
			isa = XCBuildConfiguration;
			baseConfigurationReference = 837B03329759F41B47282C4C /* Pods-Messenger.debug.xcconfig */;
			buildSettings = {
				ASSETCATALOG_COMPILER_APPICON_NAME = AppIcon;
				ASSETCATALOG_COMPILER_GLOBAL_ACCENT_COLOR_NAME = AccentColor;
				CODE_SIGN_STYLE = Automatic;
				CURRENT_PROJECT_VERSION = 1;
				DEVELOPMENT_TEAM = SBCRL8SBBK;
				GENERATE_INFOPLIST_FILE = YES;
				INFOPLIST_FILE = Messenger/Info.plist;
				INFOPLIST_KEY_UIApplicationSupportsIndirectInputEvents = YES;
				INFOPLIST_KEY_UILaunchStoryboardName = LaunchScreen;
				INFOPLIST_KEY_UIMainStoryboardFile = Main;
				INFOPLIST_KEY_UISupportedInterfaceOrientations = UIInterfaceOrientationPortrait;
				INFOPLIST_KEY_UISupportedInterfaceOrientations_iPad = "UIInterfaceOrientationLandscapeLeft UIInterfaceOrientationLandscapeRight UIInterfaceOrientationPortrait UIInterfaceOrientationPortraitUpsideDown";
				LD_RUNPATH_SEARCH_PATHS = (
					"$(inherited)",
					"@executable_path/Frameworks",
				);
				MARKETING_VERSION = 1.0;
				PRODUCT_BUNDLE_IDENTIFIER = kabir.Messenger;
				PRODUCT_NAME = "$(TARGET_NAME)";
				SWIFT_EMIT_LOC_STRINGS = YES;
				SWIFT_VERSION = 5.0;
				TARGETED_DEVICE_FAMILY = "1,2";
			};
			name = Debug;
		};
		48DB04D0295554A600DEA352 /* Release */ = {
			isa = XCBuildConfiguration;
			baseConfigurationReference = 270D6A71F779B81701D5F1C2 /* Pods-Messenger.release.xcconfig */;
			buildSettings = {
				ASSETCATALOG_COMPILER_APPICON_NAME = AppIcon;
				ASSETCATALOG_COMPILER_GLOBAL_ACCENT_COLOR_NAME = AccentColor;
				CODE_SIGN_STYLE = Automatic;
				CURRENT_PROJECT_VERSION = 1;
				DEVELOPMENT_TEAM = SBCRL8SBBK;
				GENERATE_INFOPLIST_FILE = YES;
				INFOPLIST_FILE = Messenger/Info.plist;
				INFOPLIST_KEY_UIApplicationSupportsIndirectInputEvents = YES;
				INFOPLIST_KEY_UILaunchStoryboardName = LaunchScreen;
				INFOPLIST_KEY_UIMainStoryboardFile = Main;
				INFOPLIST_KEY_UISupportedInterfaceOrientations = UIInterfaceOrientationPortrait;
				INFOPLIST_KEY_UISupportedInterfaceOrientations_iPad = "UIInterfaceOrientationLandscapeLeft UIInterfaceOrientationLandscapeRight UIInterfaceOrientationPortrait UIInterfaceOrientationPortraitUpsideDown";
				LD_RUNPATH_SEARCH_PATHS = (
					"$(inherited)",
					"@executable_path/Frameworks",
				);
				MARKETING_VERSION = 1.0;
				PRODUCT_BUNDLE_IDENTIFIER = kabir.Messenger;
				PRODUCT_NAME = "$(TARGET_NAME)";
				SWIFT_EMIT_LOC_STRINGS = YES;
				SWIFT_VERSION = 5.0;
				TARGETED_DEVICE_FAMILY = "1,2";
			};
			name = Release;
		};
/* End XCBuildConfiguration section */

/* Begin XCConfigurationList section */
		48DB04B5295554A500DEA352 /* Build configuration list for PBXProject "Messenger" */ = {
			isa = XCConfigurationList;
			buildConfigurations = (
				48DB04CC295554A600DEA352 /* Debug */,
				48DB04CD295554A600DEA352 /* Release */,
			);
			defaultConfigurationIsVisible = 0;
			defaultConfigurationName = Release;
		};
		48DB04CE295554A600DEA352 /* Build configuration list for PBXNativeTarget "Messenger" */ = {
			isa = XCConfigurationList;
			buildConfigurations = (
				48DB04CF295554A600DEA352 /* Debug */,
				48DB04D0295554A600DEA352 /* Release */,
			);
			defaultConfigurationIsVisible = 0;
			defaultConfigurationName = Release;
		};
/* End XCConfigurationList section */
	};
	rootObject = 48DB04B2295554A500DEA352 /* Project object */;
}
